// !$*UTF8*$!
{
	archiveVersion = 1;
	classes = {
	};
	objectVersion = 50;
	objects = {

/* Begin PBXBuildFile section */
		020EBEB6238568EF00448FCF /* AppDelegate.swift in Sources */ = {isa = PBXBuildFile; fileRef = 020EBEB5238568EF00448FCF /* AppDelegate.swift */; };
		020EBEB8238568EF00448FCF /* SceneDelegate.swift in Sources */ = {isa = PBXBuildFile; fileRef = 020EBEB7238568EF00448FCF /* SceneDelegate.swift */; };
		020EBEBA238568EF00448FCF /* ViewController.swift in Sources */ = {isa = PBXBuildFile; fileRef = 020EBEB9238568EF00448FCF /* ViewController.swift */; };
		020EBEBD238568EF00448FCF /* Main.storyboard in Resources */ = {isa = PBXBuildFile; fileRef = 020EBEBB238568EF00448FCF /* Main.storyboard */; };
		020EBEBF238568F300448FCF /* Assets.xcassets in Resources */ = {isa = PBXBuildFile; fileRef = 020EBEBE238568F300448FCF /* Assets.xcassets */; };
		020EBEC2238568F300448FCF /* LaunchScreen.storyboard in Resources */ = {isa = PBXBuildFile; fileRef = 020EBEC0238568F300448FCF /* LaunchScreen.storyboard */; };
		020EBECD23856AB100448FCF /* Delm-Medium.otf in Resources */ = {isa = PBXBuildFile; fileRef = 020EBECC23856AB100448FCF /* Delm-Medium.otf */; };
		020EBECF23856ABA00448FCF /* ThirstySoftRegular.otf in Resources */ = {isa = PBXBuildFile; fileRef = 020EBECE23856ABA00448FCF /* ThirstySoftRegular.otf */; };
		020EBED123856AFC00448FCF /* Default-568h@2x.png in Resources */ = {isa = PBXBuildFile; fileRef = 020EBED023856AFC00448FCF /* Default-568h@2x.png */; };
/* End PBXBuildFile section */

/* Begin PBXFileReference section */
		020EBEB2238568EF00448FCF /* Instagrid.app */ = {isa = PBXFileReference; explicitFileType = wrapper.application; includeInIndex = 0; path = Instagrid.app; sourceTree = BUILT_PRODUCTS_DIR; };
		020EBEB5238568EF00448FCF /* AppDelegate.swift */ = {isa = PBXFileReference; lastKnownFileType = sourcecode.swift; path = AppDelegate.swift; sourceTree = "<group>"; };
		020EBEB7238568EF00448FCF /* SceneDelegate.swift */ = {isa = PBXFileReference; lastKnownFileType = sourcecode.swift; path = SceneDelegate.swift; sourceTree = "<group>"; };
		020EBEB9238568EF00448FCF /* ViewController.swift */ = {isa = PBXFileReference; lastKnownFileType = sourcecode.swift; path = ViewController.swift; sourceTree = "<group>"; };
		020EBEBC238568EF00448FCF /* Base */ = {isa = PBXFileReference; lastKnownFileType = file.storyboard; name = Base; path = Base.lproj/Main.storyboard; sourceTree = "<group>"; };
		020EBEBE238568F300448FCF /* Assets.xcassets */ = {isa = PBXFileReference; lastKnownFileType = folder.assetcatalog; path = Assets.xcassets; sourceTree = "<group>"; };
		020EBEC1238568F300448FCF /* Base */ = {isa = PBXFileReference; lastKnownFileType = file.storyboard; name = Base; path = Base.lproj/LaunchScreen.storyboard; sourceTree = "<group>"; };
		020EBEC3238568F300448FCF /* Info.plist */ = {isa = PBXFileReference; lastKnownFileType = text.plist.xml; path = Info.plist; sourceTree = "<group>"; };
		020EBECC23856AB100448FCF /* Delm-Medium.otf */ = {isa = PBXFileReference; lastKnownFileType = file; path = "Delm-Medium.otf"; sourceTree = "<group>"; };
		020EBECE23856ABA00448FCF /* ThirstySoftRegular.otf */ = {isa = PBXFileReference; lastKnownFileType = file; path = ThirstySoftRegular.otf; sourceTree = "<group>"; };
		020EBED023856AFC00448FCF /* Default-568h@2x.png */ = {isa = PBXFileReference; lastKnownFileType = image.png; path = "Default-568h@2x.png"; sourceTree = "<group>"; };
/* End PBXFileReference section */

/* Begin PBXFrameworksBuildPhase section */
		020EBEAF238568EF00448FCF /* Frameworks */ = {
			isa = PBXFrameworksBuildPhase;
			buildActionMask = 2147483647;
			files = (
			);
			runOnlyForDeploymentPostprocessing = 0;
		};
/* End PBXFrameworksBuildPhase section */

/* Begin PBXGroup section */
		020EBEA9238568EF00448FCF = {
			isa = PBXGroup;
			children = (
				020EBED023856AFC00448FCF /* Default-568h@2x.png */,
				020EBEB4238568EF00448FCF /* Instagrid */,
				020EBEB3238568EF00448FCF /* Products */,
			);
			sourceTree = "<group>";
		};
		020EBEB3238568EF00448FCF /* Products */ = {
			isa = PBXGroup;
			children = (
				020EBEB2238568EF00448FCF /* Instagrid.app */,
			);
			name = Products;
			sourceTree = "<group>";
		};
		020EBEB4238568EF00448FCF /* Instagrid */ = {
			isa = PBXGroup;
			children = (
				020EBECB2385692600448FCF /* Supporting files */,
				020EBECA2385690F00448FCF /* Controller */,
				020EBEC92385690700448FCF /* Vue */,
			);
			path = Instagrid;
			sourceTree = "<group>";
		};
		020EBEC92385690700448FCF /* Vue */ = {
			isa = PBXGroup;
			children = (
				020EBEBB238568EF00448FCF /* Main.storyboard */,
			);
			path = Vue;
			sourceTree = "<group>";
		};
		020EBECA2385690F00448FCF /* Controller */ = {
			isa = PBXGroup;
			children = (
				020EBEB9238568EF00448FCF /* ViewController.swift */,
			);
			path = Controller;
			sourceTree = "<group>";
		};
		020EBECB2385692600448FCF /* Supporting files */ = {
			isa = PBXGroup;
			children = (
				020EBEB5238568EF00448FCF /* AppDelegate.swift */,
				020EBEB7238568EF00448FCF /* SceneDelegate.swift */,
				020EBEBE238568F300448FCF /* Assets.xcassets */,
				020EBECC23856AB100448FCF /* Delm-Medium.otf */,
				020EBECE23856ABA00448FCF /* ThirstySoftRegular.otf */,
				020EBEC0238568F300448FCF /* LaunchScreen.storyboard */,
				020EBEC3238568F300448FCF /* Info.plist */,
			);
			path = "Supporting files";
			sourceTree = "<group>";
		};
/* End PBXGroup section */

/* Begin PBXNativeTarget section */
		020EBEB1238568EF00448FCF /* Instagrid */ = {
			isa = PBXNativeTarget;
			buildConfigurationList = 020EBEC6238568F300448FCF /* Build configuration list for PBXNativeTarget "Instagrid" */;
			buildPhases = (
				020EBEAE238568EF00448FCF /* Sources */,
				020EBEAF238568EF00448FCF /* Frameworks */,
				020EBEB0238568EF00448FCF /* Resources */,
			);
			buildRules = (
			);
			dependencies = (
			);
			name = Instagrid;
			productName = Instagrid;
			productReference = 020EBEB2238568EF00448FCF /* Instagrid.app */;
			productType = "com.apple.product-type.application";
		};
/* End PBXNativeTarget section */

/* Begin PBXProject section */
		020EBEAA238568EF00448FCF /* Project object */ = {
			isa = PBXProject;
			attributes = {
				LastSwiftUpdateCheck = 1120;
				LastUpgradeCheck = 1120;
				ORGANIZATIONNAME = "Jérôme Guèrin";
				TargetAttributes = {
					020EBEB1238568EF00448FCF = {
						CreatedOnToolsVersion = 11.2;
					};
				};
			};
			buildConfigurationList = 020EBEAD238568EF00448FCF /* Build configuration list for PBXProject "Instagrid" */;
			compatibilityVersion = "Xcode 9.3";
			developmentRegion = en;
			hasScannedForEncodings = 0;
			knownRegions = (
				en,
				Base,
			);
			mainGroup = 020EBEA9238568EF00448FCF;
			productRefGroup = 020EBEB3238568EF00448FCF /* Products */;
			projectDirPath = "";
			projectRoot = "";
			targets = (
				020EBEB1238568EF00448FCF /* Instagrid */,
			);
		};
/* End PBXProject section */

/* Begin PBXResourcesBuildPhase section */
		020EBEB0238568EF00448FCF /* Resources */ = {
			isa = PBXResourcesBuildPhase;
			buildActionMask = 2147483647;
			files = (
				020EBEC2238568F300448FCF /* LaunchScreen.storyboard in Resources */,
				020EBEBF238568F300448FCF /* Assets.xcassets in Resources */,
				020EBECF23856ABA00448FCF /* ThirstySoftRegular.otf in Resources */,
				020EBECD23856AB100448FCF /* Delm-Medium.otf in Resources */,
				020EBEBD238568EF00448FCF /* Main.storyboard in Resources */,
				020EBED123856AFC00448FCF /* Default-568h@2x.png in Resources */,
			);
			runOnlyForDeploymentPostprocessing = 0;
		};
/* End PBXResourcesBuildPhase section */

/* Begin PBXSourcesBuildPhase section */
		020EBEAE238568EF00448FCF /* Sources */ = {
			isa = PBXSourcesBuildPhase;
			buildActionMask = 2147483647;
			files = (
				020EBEBA238568EF00448FCF /* ViewController.swift in Sources */,
				020EBEB6238568EF00448FCF /* AppDelegate.swift in Sources */,
				020EBEB8238568EF00448FCF /* SceneDelegate.swift in Sources */,
			);
			runOnlyForDeploymentPostprocessing = 0;
		};
/* End PBXSourcesBuildPhase section */

/* Begin PBXVariantGroup section */
		020EBEBB238568EF00448FCF /* Main.storyboard */ = {
			isa = PBXVariantGroup;
			children = (
				020EBEBC238568EF00448FCF /* Base */,
			);
			name = Main.storyboard;
			sourceTree = "<group>";
		};
		020EBEC0238568F300448FCF /* LaunchScreen.storyboard */ = {
			isa = PBXVariantGroup;
			children = (
				020EBEC1238568F300448FCF /* Base */,
			);
			name = LaunchScreen.storyboard;
			sourceTree = "<group>";
		};
/* End PBXVariantGroup section */

/* Begin XCBuildConfiguration section */
		020EBEC4238568F300448FCF /* Debug */ = {
			isa = XCBuildConfiguration;
			buildSettings = {
				ALWAYS_SEARCH_USER_PATHS = NO;
				CLANG_ANALYZER_NONNULL = YES;
				CLANG_ANALYZER_NUMBER_OBJECT_CONVERSION = YES_AGGRESSIVE;
				CLANG_CXX_LANGUAGE_STANDARD = "gnu++14";
				CLANG_CXX_LIBRARY = "libc++";
				CLANG_ENABLE_MODULES = YES;
				CLANG_ENABLE_OBJC_ARC = YES;
				CLANG_ENABLE_OBJC_WEAK = YES;
				CLANG_WARN_BLOCK_CAPTURE_AUTORELEASING = YES;
				CLANG_WARN_BOOL_CONVERSION = YES;
				CLANG_WARN_COMMA = YES;
				CLANG_WARN_CONSTANT_CONVERSION = YES;
				CLANG_WARN_DEPRECATED_OBJC_IMPLEMENTATIONS = YES;
				CLANG_WARN_DIRECT_OBJC_ISA_USAGE = YES_ERROR;
				CLANG_WARN_DOCUMENTATION_COMMENTS = YES;
				CLANG_WARN_EMPTY_BODY = YES;
				CLANG_WARN_ENUM_CONVERSION = YES;
				CLANG_WARN_INFINITE_RECURSION = YES;
				CLANG_WARN_INT_CONVERSION = YES;
				CLANG_WARN_NON_LITERAL_NULL_CONVERSION = YES;
				CLANG_WARN_OBJC_IMPLICIT_RETAIN_SELF = YES;
				CLANG_WARN_OBJC_LITERAL_CONVERSION = YES;
				CLANG_WARN_OBJC_ROOT_CLASS = YES_ERROR;
				CLANG_WARN_RANGE_LOOP_ANALYSIS = YES;
				CLANG_WARN_STRICT_PROTOTYPES = YES;
				CLANG_WARN_SUSPICIOUS_MOVE = YES;
				CLANG_WARN_UNGUARDED_AVAILABILITY = YES_AGGRESSIVE;
				CLANG_WARN_UNREACHABLE_CODE = YES;
				CLANG_WARN__DUPLICATE_METHOD_MATCH = YES;
				COPY_PHASE_STRIP = NO;
				DEBUG_INFORMATION_FORMAT = dwarf;
				ENABLE_STRICT_OBJC_MSGSEND = YES;
				ENABLE_TESTABILITY = YES;
				GCC_C_LANGUAGE_STANDARD = gnu11;
				GCC_DYNAMIC_NO_PIC = NO;
				GCC_NO_COMMON_BLOCKS = YES;
				GCC_OPTIMIZATION_LEVEL = 0;
				GCC_PREPROCESSOR_DEFINITIONS = (
					"DEBUG=1",
					"$(inherited)",
				);
				GCC_WARN_64_TO_32_BIT_CONVERSION = YES;
				GCC_WARN_ABOUT_RETURN_TYPE = YES_ERROR;
				GCC_WARN_UNDECLARED_SELECTOR = YES;
				GCC_WARN_UNINITIALIZED_AUTOS = YES_AGGRESSIVE;
				GCC_WARN_UNUSED_FUNCTION = YES;
				GCC_WARN_UNUSED_VARIABLE = YES;
				IPHONEOS_DEPLOYMENT_TARGET = 13.2;
				MTL_ENABLE_DEBUG_INFO = INCLUDE_SOURCE;
				MTL_FAST_MATH = YES;
				ONLY_ACTIVE_ARCH = YES;
				SDKROOT = iphoneos;
				SWIFT_ACTIVE_COMPILATION_CONDITIONS = DEBUG;
				SWIFT_OPTIMIZATION_LEVEL = "-Onone";
			};
			name = Debug;
		};
		020EBEC5238568F300448FCF /* Release */ = {
			isa = XCBuildConfiguration;
			buildSettings = {
				ALWAYS_SEARCH_USER_PATHS = NO;
				CLANG_ANALYZER_NONNULL = YES;
				CLANG_ANALYZER_NUMBER_OBJECT_CONVERSION = YES_AGGRESSIVE;
				CLANG_CXX_LANGUAGE_STANDARD = "gnu++14";
				CLANG_CXX_LIBRARY = "libc++";
				CLANG_ENABLE_MODULES = YES;
				CLANG_ENABLE_OBJC_ARC = YES;
				CLANG_ENABLE_OBJC_WEAK = YES;
				CLANG_WARN_BLOCK_CAPTURE_AUTORELEASING = YES;
				CLANG_WARN_BOOL_CONVERSION = YES;
				CLANG_WARN_COMMA = YES;
				CLANG_WARN_CONSTANT_CONVERSION = YES;
				CLANG_WARN_DEPRECATED_OBJC_IMPLEMENTATIONS = YES;
				CLANG_WARN_DIRECT_OBJC_ISA_USAGE = YES_ERROR;
				CLANG_WARN_DOCUMENTATION_COMMENTS = YES;
				CLANG_WARN_EMPTY_BODY = YES;
				CLANG_WARN_ENUM_CONVERSION = YES;
				CLANG_WARN_INFINITE_RECURSION = YES;
				CLANG_WARN_INT_CONVERSION = YES;
				CLANG_WARN_NON_LITERAL_NULL_CONVERSION = YES;
				CLANG_WARN_OBJC_IMPLICIT_RETAIN_SELF = YES;
				CLANG_WARN_OBJC_LITERAL_CONVERSION = YES;
				CLANG_WARN_OBJC_ROOT_CLASS = YES_ERROR;
				CLANG_WARN_RANGE_LOOP_ANALYSIS = YES;
				CLANG_WARN_STRICT_PROTOTYPES = YES;
				CLANG_WARN_SUSPICIOUS_MOVE = YES;
				CLANG_WARN_UNGUARDED_AVAILABILITY = YES_AGGRESSIVE;
				CLANG_WARN_UNREACHABLE_CODE = YES;
				CLANG_WARN__DUPLICATE_METHOD_MATCH = YES;
				COPY_PHASE_STRIP = NO;
				DEBUG_INFORMATION_FORMAT = "dwarf-with-dsym";
				ENABLE_NS_ASSERTIONS = NO;
				ENABLE_STRICT_OBJC_MSGSEND = YES;
				GCC_C_LANGUAGE_STANDARD = gnu11;
				GCC_NO_COMMON_BLOCKS = YES;
				GCC_WARN_64_TO_32_BIT_CONVERSION = YES;
				GCC_WARN_ABOUT_RETURN_TYPE = YES_ERROR;
				GCC_WARN_UNDECLARED_SELECTOR = YES;
				GCC_WARN_UNINITIALIZED_AUTOS = YES_AGGRESSIVE;
				GCC_WARN_UNUSED_FUNCTION = YES;
				GCC_WARN_UNUSED_VARIABLE = YES;
				IPHONEOS_DEPLOYMENT_TARGET = 13.2;
				MTL_ENABLE_DEBUG_INFO = NO;
				MTL_FAST_MATH = YES;
				SDKROOT = iphoneos;
				SWIFT_COMPILATION_MODE = wholemodule;
				SWIFT_OPTIMIZATION_LEVEL = "-O";
				VALIDATE_PRODUCT = YES;
			};
			name = Release;
		};
		020EBEC7238568F300448FCF /* Debug */ = {
			isa = XCBuildConfiguration;
			buildSettings = {
				ASSETCATALOG_COMPILER_APPICON_NAME = AppIcon;
				CODE_SIGN_STYLE = Automatic;
				DEVELOPMENT_TEAM = 7QG34LC43K;
				INFOPLIST_FILE = Instagrid/Info.plist;
				LD_RUNPATH_SEARCH_PATHS = (
					"$(inherited)",
					"@executable_path/Frameworks",
				);
				PRODUCT_BUNDLE_IDENTIFIER = com.frjerome.Instagrid;
				PRODUCT_NAME = "$(TARGET_NAME)";
				SWIFT_VERSION = 5.0;
				TARGETED_DEVICE_FAMILY = "1,2";
			};
			name = Debug;
		};
		020EBEC8238568F300448FCF /* Release */ = {
			isa = XCBuildConfiguration;
			buildSettings = {
				ASSETCATALOG_COMPILER_APPICON_NAME = AppIcon;
				CODE_SIGN_STYLE = Automatic;
				DEVELOPMENT_TEAM = 7QG34LC43K;
				INFOPLIST_FILE = Instagrid/Info.plist;
				LD_RUNPATH_SEARCH_PATHS = (
					"$(inherited)",
					"@executable_path/Frameworks",
				);
				PRODUCT_BUNDLE_IDENTIFIER = com.frjerome.Instagrid;
				PRODUCT_NAME = "$(TARGET_NAME)";
				SWIFT_VERSION = 5.0;
				TARGETED_DEVICE_FAMILY = "1,2";
			};
			name = Release;
		};
/* End XCBuildConfiguration section */

/* Begin XCConfigurationList section */
		020EBEAD238568EF00448FCF /* Build configuration list for PBXProject "Instagrid" */ = {
			isa = XCConfigurationList;
			buildConfigurations = (
				020EBEC4238568F300448FCF /* Debug */,
				020EBEC5238568F300448FCF /* Release */,
			);
			defaultConfigurationIsVisible = 0;
			defaultConfigurationName = Release;
		};
		020EBEC6238568F300448FCF /* Build configuration list for PBXNativeTarget "Instagrid" */ = {
			isa = XCConfigurationList;
			buildConfigurations = (
				020EBEC7238568F300448FCF /* Debug */,
				020EBEC8238568F300448FCF /* Release */,
			);
			defaultConfigurationIsVisible = 0;
			defaultConfigurationName = Release;
		};
/* End XCConfigurationList section */
	};
	rootObject = 020EBEAA238568EF00448FCF /* Project object */;
}
